
Microsoft Visual Studio Solution File, Format Version 12.00
# Visual Studio 15
Project("{FAE04EC0-301F-11D3-BF4B-00C04F79EFBC}") = "Twincle", "Twincle.csproj", "{A56E9A77-BD37-0786-34C8-D5AC5AA1093D}"
EndProject
Project("{FAE04EC0-301F-11D3-BF4B-00C04F79EFBC}") = "Twincle.Plugins", "Twincle.Plugins.csproj", "{D6CCAA31-D1A6-C909-3C6C-D46DF459EDF8}"
EndProject
Global
	GlobalSection(SolutionConfigurationPlatforms) = preSolution
		Debug|Any CPU = Debug|Any CPU
		Release|Any CPU = Release|Any CPU
	EndGlobalSection
	GlobalSection(ProjectConfigurationPlatforms) = postSolution
		{A56E9A77-BD37-0786-34C8-D5AC5AA1093D}.Debug|Any CPU.ActiveCfg = Debug|Any CPU
		{A56E9A77-BD37-0786-34C8-D5AC5AA1093D}.Debug|Any CPU.Build.0 = Debug|Any CPU
		{A56E9A77-BD37-0786-34C8-D5AC5AA1093D}.Release|Any CPU.ActiveCfg = Release|Any CPU
		{A56E9A77-BD37-0786-34C8-D5AC5AA1093D}.Release|Any CPU.Build.0 = Release|Any CPU
		{D6CCAA31-D1A6-C909-3C6C-D46DF459EDF8}.Debug|Any CPU.ActiveCfg = Debug|Any CPU
		{D6CCAA31-D1A6-C909-3C6C-D46DF459EDF8}.Debug|Any CPU.Build.0 = Debug|Any CPU
		{D6CCAA31-D1A6-C909-3C6C-D46DF459EDF8}.Release|Any CPU.ActiveCfg = Release|Any CPU
		{D6CCAA31-D1A6-C909-3C6C-D46DF459EDF8}.Release|Any CPU.Build.0 = Release|Any CPU
	EndGlobalSection
	GlobalSection(SolutionProperties) = preSolution
		HideSolutionNode = FALSE
	EndGlobalSection
EndGlobal
